
Microsoft Visual Studio Solution File, Format Version 12.00
# Visual Studio Version 16
VisualStudioVersion = 16.0.30717.126
MinimumVisualStudioVersion = 10.0.40219.1
Project("{2150E333-8FDC-42A3-9474-1A3956D46DE8}") = "Services", "Services", "{C7FC8D60-6470-42DD-A5E3-6085C2227F10}"
EndProject
Project("{2150E333-8FDC-42A3-9474-1A3956D46DE8}") = "BuildingBlocks", "BuildingBlocks", "{65EDBF22-67FD-4B0E-9763-35E7B88F9FD3}"
EndProject
Project("{2150E333-8FDC-42A3-9474-1A3956D46DE8}") = "ApiGateways", "ApiGateways", "{10D9F3BE-87CD-47C6-BBD2-A6EB7262B9AD}"
EndProject
Project("{2150E333-8FDC-42A3-9474-1A3956D46DE8}") = "Solution Items", "Solution Items", "{F5D582FD-22F8-400C-B9DC-3AB26D60977C}"
	ProjectSection(SolutionItems) = preProject
		.dockerignore = .dockerignore
		.env = .env
		.gitattributes = .gitattributes
		.gitignore = .gitignore
		docker-compose.yml = docker-compose.yml
	EndProjectSection
EndProject
Project("{9A19103F-16F7-4668-BE54-9A1E7A4F7556}") = "Host.Customization", "BuildingBlocks\HostCustomization\Host.Customization\Host.Customization.csproj", "{8904A65C-CE5E-4BE1-A7B3-00BF98B7C2A0}"
EndProject
Project("{2150E333-8FDC-42A3-9474-1A3956D46DE8}") = "HostCustomization", "HostCustomization", "{A85DF691-9986-423C-BD33-43AE235959BD}"
EndProject
Project("{2150E333-8FDC-42A3-9474-1A3956D46DE8}") = "EventBus", "EventBus", "{98B03036-BEBA-4561-83BE-C9E0FD3B0BFD}"
EndProject
Project("{9A19103F-16F7-4668-BE54-9A1E7A4F7556}") = "EventBus", "BuildingBlocks\EventBus\EventBus\EventBus.csproj", "{CB75731A-CCF5-4015-B24C-4C17C10EEBEA}"
EndProject
Project("{9A19103F-16F7-4668-BE54-9A1E7A4F7556}") = "EventBusRabbitMQ", "BuildingBlocks\EventBus\EventBusRabbitMQ\EventBusRabbitMQ.csproj", "{0AE43362-A6C4-468C-A03C-204DD9F38339}"
EndProject
Project("{9A19103F-16F7-4668-BE54-9A1E7A4F7556}") = "IntegrationEventLogEF", "BuildingBlocks\EventBus\IntegrationEventLogEF\IntegrationEventLogEF.csproj", "{30351055-EA4B-43F1-8A44-DD444F82EC7F}"
EndProject
Project("{2150E333-8FDC-42A3-9474-1A3956D46DE8}") = "Users", "Users", "{39C632EF-33E8-4806-9D62-AE0101F6E3D7}"
EndProject
Project("{9A19103F-16F7-4668-BE54-9A1E7A4F7556}") = "Users.Infrastructure", "Services\Users\Users.Infrastructure\Users.Infrastructure.csproj", "{F19DF70B-1548-4513-A27B-019F84B8F043}"
EndProject
Project("{9A19103F-16F7-4668-BE54-9A1E7A4F7556}") = "Users.API", "Services\Users\Users.API\Users.API.csproj", "{D727949A-F56E-4E82-9C87-934C2543CDCD}"
EndProject
Project("{9A19103F-16F7-4668-BE54-9A1E7A4F7556}") = "Users.Services", "Services\Users\Users.Services\Users.Services.csproj", "{274BFAA8-F342-4D63-94BF-2D44B648B66B}"
EndProject
Project("{9A19103F-16F7-4668-BE54-9A1E7A4F7556}") = "Users.Models", "Services\Users\Users.Models\Users.Models.csproj", "{BD89572C-F335-4446-A99C-7CBC25E35709}"
EndProject
Project("{2150E333-8FDC-42A3-9474-1A3956D46DE8}") = "Notifications", "Notifications", "{9E56A372-EF74-4901-BA21-AB1152DFD13D}"
EndProject
Project("{9A19103F-16F7-4668-BE54-9A1E7A4F7556}") = "Notifications.API", "Services\Notifications\Notifications.API\Notifications.API.csproj", "{3E516E34-F63C-4F9D-A856-F10759E63B9A}"
EndProject
Global
	GlobalSection(SolutionConfigurationPlatforms) = preSolution
		Debug|Any CPU = Debug|Any CPU
		Release|Any CPU = Release|Any CPU
	EndGlobalSection
	GlobalSection(ProjectConfigurationPlatforms) = postSolution
		{8904A65C-CE5E-4BE1-A7B3-00BF98B7C2A0}.Debug|Any CPU.ActiveCfg = Debug|Any CPU
		{8904A65C-CE5E-4BE1-A7B3-00BF98B7C2A0}.Debug|Any CPU.Build.0 = Debug|Any CPU
		{8904A65C-CE5E-4BE1-A7B3-00BF98B7C2A0}.Release|Any CPU.ActiveCfg = Release|Any CPU
		{8904A65C-CE5E-4BE1-A7B3-00BF98B7C2A0}.Release|Any CPU.Build.0 = Release|Any CPU
		{CB75731A-CCF5-4015-B24C-4C17C10EEBEA}.Debug|Any CPU.ActiveCfg = Debug|Any CPU
		{CB75731A-CCF5-4015-B24C-4C17C10EEBEA}.Debug|Any CPU.Build.0 = Debug|Any CPU
		{CB75731A-CCF5-4015-B24C-4C17C10EEBEA}.Release|Any CPU.ActiveCfg = Release|Any CPU
		{CB75731A-CCF5-4015-B24C-4C17C10EEBEA}.Release|Any CPU.Build.0 = Release|Any CPU
		{0AE43362-A6C4-468C-A03C-204DD9F38339}.Debug|Any CPU.ActiveCfg = Debug|Any CPU
		{0AE43362-A6C4-468C-A03C-204DD9F38339}.Debug|Any CPU.Build.0 = Debug|Any CPU
		{0AE43362-A6C4-468C-A03C-204DD9F38339}.Release|Any CPU.ActiveCfg = Release|Any CPU
		{0AE43362-A6C4-468C-A03C-204DD9F38339}.Release|Any CPU.Build.0 = Release|Any CPU
		{30351055-EA4B-43F1-8A44-DD444F82EC7F}.Debug|Any CPU.ActiveCfg = Debug|Any CPU
		{30351055-EA4B-43F1-8A44-DD444F82EC7F}.Debug|Any CPU.Build.0 = Debug|Any CPU
		{30351055-EA4B-43F1-8A44-DD444F82EC7F}.Release|Any CPU.ActiveCfg = Release|Any CPU
		{30351055-EA4B-43F1-8A44-DD444F82EC7F}.Release|Any CPU.Build.0 = Release|Any CPU
		{F19DF70B-1548-4513-A27B-019F84B8F043}.Debug|Any CPU.ActiveCfg = Debug|Any CPU
		{F19DF70B-1548-4513-A27B-019F84B8F043}.Debug|Any CPU.Build.0 = Debug|Any CPU
		{F19DF70B-1548-4513-A27B-019F84B8F043}.Release|Any CPU.ActiveCfg = Release|Any CPU
		{F19DF70B-1548-4513-A27B-019F84B8F043}.Release|Any CPU.Build.0 = Release|Any CPU
		{D727949A-F56E-4E82-9C87-934C2543CDCD}.Debug|Any CPU.ActiveCfg = Debug|Any CPU
		{D727949A-F56E-4E82-9C87-934C2543CDCD}.Debug|Any CPU.Build.0 = Debug|Any CPU
		{D727949A-F56E-4E82-9C87-934C2543CDCD}.Release|Any CPU.ActiveCfg = Release|Any CPU
		{D727949A-F56E-4E82-9C87-934C2543CDCD}.Release|Any CPU.Build.0 = Release|Any CPU
		{274BFAA8-F342-4D63-94BF-2D44B648B66B}.Debug|Any CPU.ActiveCfg = Debug|Any CPU
		{274BFAA8-F342-4D63-94BF-2D44B648B66B}.Debug|Any CPU.Build.0 = Debug|Any CPU
		{274BFAA8-F342-4D63-94BF-2D44B648B66B}.Release|Any CPU.ActiveCfg = Release|Any CPU
		{274BFAA8-F342-4D63-94BF-2D44B648B66B}.Release|Any CPU.Build.0 = Release|Any CPU
		{BD89572C-F335-4446-A99C-7CBC25E35709}.Debug|Any CPU.ActiveCfg = Debug|Any CPU
		{BD89572C-F335-4446-A99C-7CBC25E35709}.Debug|Any CPU.Build.0 = Debug|Any CPU
		{BD89572C-F335-4446-A99C-7CBC25E35709}.Release|Any CPU.ActiveCfg = Release|Any CPU
		{BD89572C-F335-4446-A99C-7CBC25E35709}.Release|Any CPU.Build.0 = Release|Any CPU
		{3E516E34-F63C-4F9D-A856-F10759E63B9A}.Debug|Any CPU.ActiveCfg = Debug|Any CPU
		{3E516E34-F63C-4F9D-A856-F10759E63B9A}.Debug|Any CPU.Build.0 = Debug|Any CPU
		{3E516E34-F63C-4F9D-A856-F10759E63B9A}.Release|Any CPU.ActiveCfg = Release|Any CPU
		{3E516E34-F63C-4F9D-A856-F10759E63B9A}.Release|Any CPU.Build.0 = Release|Any CPU
	EndGlobalSection
	GlobalSection(SolutionProperties) = preSolution
		HideSolutionNode = FALSE
	EndGlobalSection
	GlobalSection(NestedProjects) = preSolution
		{8904A65C-CE5E-4BE1-A7B3-00BF98B7C2A0} = {A85DF691-9986-423C-BD33-43AE235959BD}
		{A85DF691-9986-423C-BD33-43AE235959BD} = {65EDBF22-67FD-4B0E-9763-35E7B88F9FD3}
		{98B03036-BEBA-4561-83BE-C9E0FD3B0BFD} = {65EDBF22-67FD-4B0E-9763-35E7B88F9FD3}
		{CB75731A-CCF5-4015-B24C-4C17C10EEBEA} = {98B03036-BEBA-4561-83BE-C9E0FD3B0BFD}
		{0AE43362-A6C4-468C-A03C-204DD9F38339} = {98B03036-BEBA-4561-83BE-C9E0FD3B0BFD}
		{30351055-EA4B-43F1-8A44-DD444F82EC7F} = {98B03036-BEBA-4561-83BE-C9E0FD3B0BFD}
		{39C632EF-33E8-4806-9D62-AE0101F6E3D7} = {C7FC8D60-6470-42DD-A5E3-6085C2227F10}
		{F19DF70B-1548-4513-A27B-019F84B8F043} = {39C632EF-33E8-4806-9D62-AE0101F6E3D7}
		{D727949A-F56E-4E82-9C87-934C2543CDCD} = {39C632EF-33E8-4806-9D62-AE0101F6E3D7}
		{274BFAA8-F342-4D63-94BF-2D44B648B66B} = {39C632EF-33E8-4806-9D62-AE0101F6E3D7}
		{BD89572C-F335-4446-A99C-7CBC25E35709} = {39C632EF-33E8-4806-9D62-AE0101F6E3D7}
		{9E56A372-EF74-4901-BA21-AB1152DFD13D} = {C7FC8D60-6470-42DD-A5E3-6085C2227F10}
		{3E516E34-F63C-4F9D-A856-F10759E63B9A} = {9E56A372-EF74-4901-BA21-AB1152DFD13D}
	EndGlobalSection
	GlobalSection(ExtensibilityGlobals) = postSolution
		SolutionGuid = {673BC1C5-C74C-4D03-ACA9-9254F2EE436E}
	EndGlobalSection
EndGlobal
